{
  "version": 4,
  "terraform_version": "1.4.2",
  "serial": 4,
  "lineage": "8c9230db-a68e-f91b-69a0-ba3a203e193d",
  "outputs": {},
  "resources": [
    {
      "mode": "managed",
      "type": "newrelic_alert_policy",
      "name": "abhiraj",
      "provider": "provider[\"registry.terraform.io/newrelic/newrelic\"]",
      "instances": [
        {
          "schema_version": 0,
          "attributes": {
            "account_id": 4038216,
            "channel_ids": null,
            "id": "4571682",
            "incident_preference": "PER_POLICY",
            "name": "abhiraj"
          },
          "sensitive_attributes": [],
          "private": "bnVsbA=="
        }
      ]
    }
  ],
  "check_results": null
}
